
Microsoft Visual Studio Solution File, Format Version 12.00
# Visual Studio Version 17
VisualStudioVersion = 17.5.33424.131
MinimumVisualStudioVersion = 10.0.40219.1
Project("{FAE04EC0-301F-11D3-BF4B-00C04F79EFBC}") = "001.BMI 계산기", "001.BMI 계산기\001.BMI 계산기.csproj", "{DCCD67FF-0B96-404D-B04B-EA7EFE86389B}"
EndProject
Project("{FAE04EC0-301F-11D3-BF4B-00C04F79EFBC}") = "002. BMI 계산기", "002. BMI 계산기\002. BMI 계산기.csproj", "{25F660A8-9C66-4B56-B0CB-880F29284436}"
EndProject
Project("{FAE04EC0-301F-11D3-BF4B-00C04F79EFBC}") = "003. print2values", "003. print2values\003. print2values.csproj", "{097337FC-30AA-45D1-96F2-B59ED97BBAEF}"
EndProject
Project("{FAE04EC0-301F-11D3-BF4B-00C04F79EFBC}") = "004. Hello", "004. Hello\004. Hello.csproj", "{5F02739D-E7FF-4559-BD9B-A8693BC79DDB}"
EndProject
Project("{FAE04EC0-301F-11D3-BF4B-00C04F79EFBC}") = "005.Login", "005.Login\005.Login.csproj", "{20F3A2B3-272B-4EF9-84A5-51DA6883AEA3}"
EndProject
Project("{FAE04EC0-301F-11D3-BF4B-00C04F79EFBC}") = "006. Basic Controls", "006. Basic Controls\006. Basic Controls.csproj", "{0B63A7A7-73FB-4ECD-95E5-2693EC45F532}"
EndProject
Project("{FAE04EC0-301F-11D3-BF4B-00C04F79EFBC}") = "007. MessageBoxes", "007. MessageBoxes\007. MessageBoxes.csproj", "{7822735F-D8FD-4F91-B7AA-05912A747754}"
EndProject
Project("{FAE04EC0-301F-11D3-BF4B-00C04F79EFBC}") = "008. label", "008. label\008. label.csproj", "{D4F07FB1-1936-4D32-8870-404555CEC094}"
EndProject
Project("{FAE04EC0-301F-11D3-BF4B-00C04F79EFBC}") = "009_ checkbox", "009_ checkbox\009_ checkbox.csproj", "{9BC542B6-A20B-40BD-A88D-C78719851C6B}"
EndProject
Project("{FAE04EC0-301F-11D3-BF4B-00C04F79EFBC}") = "010.radioButton", "010.radioButton\010.radioButton.csproj", "{0DF0047D-3278-40A6-9987-FE3C95071E95}"
EndProject
Project("{FAE04EC0-301F-11D3-BF4B-00C04F79EFBC}") = "011.scoreCalc", "011.scoreCalc\011.scoreCalc.csproj", "{930CBA0A-4B7B-4F52-87DB-B813A1395B17}"
EndProject
Project("{FAE04EC0-301F-11D3-BF4B-00C04F79EFBC}") = "012. 반복문 for", "012. 반복문 for\012. 반복문 for.csproj", "{EE5ED918-96FB-4CDD-A34D-E3A2D3421DF8}"
EndProject
Project("{FAE04EC0-301F-11D3-BF4B-00C04F79EFBC}") = "013.배열 array", "013.배열 array\013.배열 array.csproj", "{F65F3912-D0B5-40F1-95AB-FDF2ADEEFEC1}"
EndProject
Project("{FAE04EC0-301F-11D3-BF4B-00C04F79EFBC}") = "014. class", "014. class\014. class.csproj", "{FC6C9ADC-57DD-406A-BE04-56A31DC84A49}"
EndProject
Project("{FAE04EC0-301F-11D3-BF4B-00C04F79EFBC}") = "015.chart", "015.chart\015.chart.csproj", "{7BD78690-F797-4F73-9EE1-10D9B5CA3860}"
EndProject
Project("{FAE04EC0-301F-11D3-BF4B-00C04F79EFBC}") = "016. 2ChartAreas", "016. 2ChartAreas\016. 2ChartAreas.csproj", "{B102963C-DEE7-4645-8EF7-464760E85057}"
EndProject
Project("{FAE04EC0-301F-11D3-BF4B-00C04F79EFBC}") = "017. chart2", "017. chart2\017. chart2.csproj", "{BDA40595-6BB1-4CBD-86D2-4DF3CF3E3AE7}"
EndProject
Project("{FAE04EC0-301F-11D3-BF4B-00C04F79EFBC}") = "018. graph", "018. graph\018. graph.csproj", "{92F8CB7C-1855-45E2-88A4-BE33B6C4D9F2}"
EndProject
Project("{FAE04EC0-301F-11D3-BF4B-00C04F79EFBC}") = "019. Timer", "019. Timer\019. Timer.csproj", "{9943BB23-360D-4164-975F-0858DF72F04C}"
EndProject
Global
	GlobalSection(SolutionConfigurationPlatforms) = preSolution
		Debug|Any CPU = Debug|Any CPU
		Release|Any CPU = Release|Any CPU
	EndGlobalSection
	GlobalSection(ProjectConfigurationPlatforms) = postSolution
		{DCCD67FF-0B96-404D-B04B-EA7EFE86389B}.Debug|Any CPU.ActiveCfg = Debug|Any CPU
		{DCCD67FF-0B96-404D-B04B-EA7EFE86389B}.Debug|Any CPU.Build.0 = Debug|Any CPU
		{DCCD67FF-0B96-404D-B04B-EA7EFE86389B}.Release|Any CPU.ActiveCfg = Release|Any CPU
		{DCCD67FF-0B96-404D-B04B-EA7EFE86389B}.Release|Any CPU.Build.0 = Release|Any CPU
		{25F660A8-9C66-4B56-B0CB-880F29284436}.Debug|Any CPU.ActiveCfg = Debug|Any CPU
		{25F660A8-9C66-4B56-B0CB-880F29284436}.Debug|Any CPU.Build.0 = Debug|Any CPU
		{25F660A8-9C66-4B56-B0CB-880F29284436}.Release|Any CPU.ActiveCfg = Release|Any CPU
		{25F660A8-9C66-4B56-B0CB-880F29284436}.Release|Any CPU.Build.0 = Release|Any CPU
		{097337FC-30AA-45D1-96F2-B59ED97BBAEF}.Debug|Any CPU.ActiveCfg = Debug|Any CPU
		{097337FC-30AA-45D1-96F2-B59ED97BBAEF}.Debug|Any CPU.Build.0 = Debug|Any CPU
		{097337FC-30AA-45D1-96F2-B59ED97BBAEF}.Release|Any CPU.ActiveCfg = Release|Any CPU
		{097337FC-30AA-45D1-96F2-B59ED97BBAEF}.Release|Any CPU.Build.0 = Release|Any CPU
		{5F02739D-E7FF-4559-BD9B-A8693BC79DDB}.Debug|Any CPU.ActiveCfg = Debug|Any CPU
		{5F02739D-E7FF-4559-BD9B-A8693BC79DDB}.Debug|Any CPU.Build.0 = Debug|Any CPU
		{5F02739D-E7FF-4559-BD9B-A8693BC79DDB}.Release|Any CPU.ActiveCfg = Release|Any CPU
		{5F02739D-E7FF-4559-BD9B-A8693BC79DDB}.Release|Any CPU.Build.0 = Release|Any CPU
		{20F3A2B3-272B-4EF9-84A5-51DA6883AEA3}.Debug|Any CPU.ActiveCfg = Debug|Any CPU
		{20F3A2B3-272B-4EF9-84A5-51DA6883AEA3}.Debug|Any CPU.Build.0 = Debug|Any CPU
		{20F3A2B3-272B-4EF9-84A5-51DA6883AEA3}.Release|Any CPU.ActiveCfg = Release|Any CPU
		{20F3A2B3-272B-4EF9-84A5-51DA6883AEA3}.Release|Any CPU.Build.0 = Release|Any CPU
		{0B63A7A7-73FB-4ECD-95E5-2693EC45F532}.Debug|Any CPU.ActiveCfg = Debug|Any CPU
		{0B63A7A7-73FB-4ECD-95E5-2693EC45F532}.Debug|Any CPU.Build.0 = Debug|Any CPU
		{0B63A7A7-73FB-4ECD-95E5-2693EC45F532}.Release|Any CPU.ActiveCfg = Release|Any CPU
		{0B63A7A7-73FB-4ECD-95E5-2693EC45F532}.Release|Any CPU.Build.0 = Release|Any CPU
		{7822735F-D8FD-4F91-B7AA-05912A747754}.Debug|Any CPU.ActiveCfg = Debug|Any CPU
		{7822735F-D8FD-4F91-B7AA-05912A747754}.Debug|Any CPU.Build.0 = Debug|Any CPU
		{7822735F-D8FD-4F91-B7AA-05912A747754}.Release|Any CPU.ActiveCfg = Release|Any CPU
		{7822735F-D8FD-4F91-B7AA-05912A747754}.Release|Any CPU.Build.0 = Release|Any CPU
		{D4F07FB1-1936-4D32-8870-404555CEC094}.Debug|Any CPU.ActiveCfg = Debug|Any CPU
		{D4F07FB1-1936-4D32-8870-404555CEC094}.Debug|Any CPU.Build.0 = Debug|Any CPU
		{D4F07FB1-1936-4D32-8870-404555CEC094}.Release|Any CPU.ActiveCfg = Release|Any CPU
		{D4F07FB1-1936-4D32-8870-404555CEC094}.Release|Any CPU.Build.0 = Release|Any CPU
		{9BC542B6-A20B-40BD-A88D-C78719851C6B}.Debug|Any CPU.ActiveCfg = Debug|Any CPU
		{9BC542B6-A20B-40BD-A88D-C78719851C6B}.Debug|Any CPU.Build.0 = Debug|Any CPU
		{9BC542B6-A20B-40BD-A88D-C78719851C6B}.Release|Any CPU.ActiveCfg = Release|Any CPU
		{9BC542B6-A20B-40BD-A88D-C78719851C6B}.Release|Any CPU.Build.0 = Release|Any CPU
		{0DF0047D-3278-40A6-9987-FE3C95071E95}.Debug|Any CPU.ActiveCfg = Debug|Any CPU
		{0DF0047D-3278-40A6-9987-FE3C95071E95}.Debug|Any CPU.Build.0 = Debug|Any CPU
		{0DF0047D-3278-40A6-9987-FE3C95071E95}.Release|Any CPU.ActiveCfg = Release|Any CPU
		{0DF0047D-3278-40A6-9987-FE3C95071E95}.Release|Any CPU.Build.0 = Release|Any CPU
		{930CBA0A-4B7B-4F52-87DB-B813A1395B17}.Debug|Any CPU.ActiveCfg = Debug|Any CPU
		{930CBA0A-4B7B-4F52-87DB-B813A1395B17}.Debug|Any CPU.Build.0 = Debug|Any CPU
		{930CBA0A-4B7B-4F52-87DB-B813A1395B17}.Release|Any CPU.ActiveCfg = Release|Any CPU
		{930CBA0A-4B7B-4F52-87DB-B813A1395B17}.Release|Any CPU.Build.0 = Release|Any CPU
		{EE5ED918-96FB-4CDD-A34D-E3A2D3421DF8}.Debug|Any CPU.ActiveCfg = Debug|Any CPU
		{EE5ED918-96FB-4CDD-A34D-E3A2D3421DF8}.Debug|Any CPU.Build.0 = Debug|Any CPU
		{EE5ED918-96FB-4CDD-A34D-E3A2D3421DF8}.Release|Any CPU.ActiveCfg = Release|Any CPU
		{EE5ED918-96FB-4CDD-A34D-E3A2D3421DF8}.Release|Any CPU.Build.0 = Release|Any CPU
		{F65F3912-D0B5-40F1-95AB-FDF2ADEEFEC1}.Debug|Any CPU.ActiveCfg = Debug|Any CPU
		{F65F3912-D0B5-40F1-95AB-FDF2ADEEFEC1}.Debug|Any CPU.Build.0 = Debug|Any CPU
		{F65F3912-D0B5-40F1-95AB-FDF2ADEEFEC1}.Release|Any CPU.ActiveCfg = Release|Any CPU
		{F65F3912-D0B5-40F1-95AB-FDF2ADEEFEC1}.Release|Any CPU.Build.0 = Release|Any CPU
		{FC6C9ADC-57DD-406A-BE04-56A31DC84A49}.Debug|Any CPU.ActiveCfg = Debug|Any CPU
		{FC6C9ADC-57DD-406A-BE04-56A31DC84A49}.Debug|Any CPU.Build.0 = Debug|Any CPU
		{FC6C9ADC-57DD-406A-BE04-56A31DC84A49}.Release|Any CPU.ActiveCfg = Release|Any CPU
		{FC6C9ADC-57DD-406A-BE04-56A31DC84A49}.Release|Any CPU.Build.0 = Release|Any CPU
		{7BD78690-F797-4F73-9EE1-10D9B5CA3860}.Debug|Any CPU.ActiveCfg = Debug|Any CPU
		{7BD78690-F797-4F73-9EE1-10D9B5CA3860}.Debug|Any CPU.Build.0 = Debug|Any CPU
		{7BD78690-F797-4F73-9EE1-10D9B5CA3860}.Release|Any CPU.ActiveCfg = Release|Any CPU
		{7BD78690-F797-4F73-9EE1-10D9B5CA3860}.Release|Any CPU.Build.0 = Release|Any CPU
		{B102963C-DEE7-4645-8EF7-464760E85057}.Debug|Any CPU.ActiveCfg = Debug|Any CPU
		{B102963C-DEE7-4645-8EF7-464760E85057}.Debug|Any CPU.Build.0 = Debug|Any CPU
		{B102963C-DEE7-4645-8EF7-464760E85057}.Release|Any CPU.ActiveCfg = Release|Any CPU
		{B102963C-DEE7-4645-8EF7-464760E85057}.Release|Any CPU.Build.0 = Release|Any CPU
		{BDA40595-6BB1-4CBD-86D2-4DF3CF3E3AE7}.Debug|Any CPU.ActiveCfg = Debug|Any CPU
		{BDA40595-6BB1-4CBD-86D2-4DF3CF3E3AE7}.Debug|Any CPU.Build.0 = Debug|Any CPU
		{BDA40595-6BB1-4CBD-86D2-4DF3CF3E3AE7}.Release|Any CPU.ActiveCfg = Release|Any CPU
		{BDA40595-6BB1-4CBD-86D2-4DF3CF3E3AE7}.Release|Any CPU.Build.0 = Release|Any CPU
		{92F8CB7C-1855-45E2-88A4-BE33B6C4D9F2}.Debug|Any CPU.ActiveCfg = Debug|Any CPU
		{92F8CB7C-1855-45E2-88A4-BE33B6C4D9F2}.Debug|Any CPU.Build.0 = Debug|Any CPU
		{92F8CB7C-1855-45E2-88A4-BE33B6C4D9F2}.Release|Any CPU.ActiveCfg = Release|Any CPU
		{92F8CB7C-1855-45E2-88A4-BE33B6C4D9F2}.Release|Any CPU.Build.0 = Release|Any CPU
		{9943BB23-360D-4164-975F-0858DF72F04C}.Debug|Any CPU.ActiveCfg = Debug|Any CPU
		{9943BB23-360D-4164-975F-0858DF72F04C}.Debug|Any CPU.Build.0 = Debug|Any CPU
		{9943BB23-360D-4164-975F-0858DF72F04C}.Release|Any CPU.ActiveCfg = Release|Any CPU
		{9943BB23-360D-4164-975F-0858DF72F04C}.Release|Any CPU.Build.0 = Release|Any CPU
	EndGlobalSection
	GlobalSection(SolutionProperties) = preSolution
		HideSolutionNode = FALSE
	EndGlobalSection
	GlobalSection(ExtensibilityGlobals) = postSolution
		SolutionGuid = {25D7676D-25AA-45D7-925A-117A519E7211}
	EndGlobalSection
EndGlobal
